// !$*UTF8*$!
{
	archiveVersion = 1;
	classes = {
	};
	objectVersion = 50;
	objects = {

/* Begin PBXBuildFile section */
		C420BB2622EE055300E3646B /* Expedition.swift in Sources */ = {isa = PBXBuildFile; fileRef = C420BB2522EE055300E3646B /* Expedition.swift */; };
		C420BB2722EEA01400E3646B /* Expedition.swift in Sources */ = {isa = PBXBuildFile; fileRef = C420BB2522EE055300E3646B /* Expedition.swift */; };
		C420BB2822F273B100E3646B /* Game.swift in Sources */ = {isa = PBXBuildFile; fileRef = C4EAC81922E94F4D004A27B1 /* Game.swift */; };
		C4EAC7E122E3D412004A27B1 /* AppDelegate.swift in Sources */ = {isa = PBXBuildFile; fileRef = C4EAC7E022E3D412004A27B1 /* AppDelegate.swift */; };
		C4EAC7E322E3D412004A27B1 /* ViewController.swift in Sources */ = {isa = PBXBuildFile; fileRef = C4EAC7E222E3D412004A27B1 /* ViewController.swift */; };
		C4EAC7E822E3D413004A27B1 /* Assets.xcassets in Resources */ = {isa = PBXBuildFile; fileRef = C4EAC7E722E3D413004A27B1 /* Assets.xcassets */; };
		C4EAC7EB22E3D413004A27B1 /* LaunchScreen.storyboard in Resources */ = {isa = PBXBuildFile; fileRef = C4EAC7E922E3D413004A27B1 /* LaunchScreen.storyboard */; };
		C4EAC7F622E3D414004A27B1 /* UnfoundTownsTests.swift in Sources */ = {isa = PBXBuildFile; fileRef = C4EAC7F522E3D414004A27B1 /* UnfoundTownsTests.swift */; };
		C4EAC80122E3D414004A27B1 /* UnfoundTownsUITests.swift in Sources */ = {isa = PBXBuildFile; fileRef = C4EAC80022E3D414004A27B1 /* UnfoundTownsUITests.swift */; };
		C4EAC81422E423DF004A27B1 /* Player.swift in Sources */ = {isa = PBXBuildFile; fileRef = C4EAC81322E423DF004A27B1 /* Player.swift */; };
		C4EAC81522E4C801004A27B1 /* Player.swift in Sources */ = {isa = PBXBuildFile; fileRef = C4EAC81322E423DF004A27B1 /* Player.swift */; };
		C4EAC81722E4E13C004A27B1 /* UnfoundTownError.swift in Sources */ = {isa = PBXBuildFile; fileRef = C4EAC81622E4E13C004A27B1 /* UnfoundTownError.swift */; };
		C4EAC81822E4E16A004A27B1 /* UnfoundTownError.swift in Sources */ = {isa = PBXBuildFile; fileRef = C4EAC81622E4E13C004A27B1 /* UnfoundTownError.swift */; };
		C4EAC81A22E94F4D004A27B1 /* Game.swift in Sources */ = {isa = PBXBuildFile; fileRef = C4EAC81922E94F4D004A27B1 /* Game.swift */; };
		C4F5F37524316E04009F0E59 /* UnfoundTownView.swift in Sources */ = {isa = PBXBuildFile; fileRef = C4F5F37424316E04009F0E59 /* UnfoundTownView.swift */; };
/* End PBXBuildFile section */

/* Begin PBXContainerItemProxy section */
		C4EAC7F222E3D414004A27B1 /* PBXContainerItemProxy */ = {
			isa = PBXContainerItemProxy;
			containerPortal = C4EAC7D522E3D412004A27B1 /* Project object */;
			proxyType = 1;
			remoteGlobalIDString = C4EAC7DC22E3D412004A27B1;
			remoteInfo = UnfoundTowns;
		};
		C4EAC7FD22E3D414004A27B1 /* PBXContainerItemProxy */ = {
			isa = PBXContainerItemProxy;
			containerPortal = C4EAC7D522E3D412004A27B1 /* Project object */;
			proxyType = 1;
			remoteGlobalIDString = C4EAC7DC22E3D412004A27B1;
			remoteInfo = UnfoundTowns;
		};
/* End PBXContainerItemProxy section */

/* Begin PBXFileReference section */
		C420BB2522EE055300E3646B /* Expedition.swift */ = {isa = PBXFileReference; lastKnownFileType = sourcecode.swift; path = Expedition.swift; sourceTree = "<group>"; };
		C4EAC7DD22E3D412004A27B1 /* UnfoundTowns.app */ = {isa = PBXFileReference; explicitFileType = wrapper.application; includeInIndex = 0; path = UnfoundTowns.app; sourceTree = BUILT_PRODUCTS_DIR; };
		C4EAC7E022E3D412004A27B1 /* AppDelegate.swift */ = {isa = PBXFileReference; lastKnownFileType = sourcecode.swift; path = AppDelegate.swift; sourceTree = "<group>"; };
		C4EAC7E222E3D412004A27B1 /* ViewController.swift */ = {isa = PBXFileReference; lastKnownFileType = sourcecode.swift; path = ViewController.swift; sourceTree = "<group>"; };
		C4EAC7E722E3D413004A27B1 /* Assets.xcassets */ = {isa = PBXFileReference; lastKnownFileType = folder.assetcatalog; path = Assets.xcassets; sourceTree = "<group>"; };
		C4EAC7EA22E3D413004A27B1 /* Base */ = {isa = PBXFileReference; lastKnownFileType = file.storyboard; name = Base; path = Base.lproj/LaunchScreen.storyboard; sourceTree = "<group>"; };
		C4EAC7EC22E3D413004A27B1 /* Info.plist */ = {isa = PBXFileReference; lastKnownFileType = text.plist.xml; path = Info.plist; sourceTree = "<group>"; };
		C4EAC7F122E3D414004A27B1 /* UnfoundTownsTests.xctest */ = {isa = PBXFileReference; explicitFileType = wrapper.cfbundle; includeInIndex = 0; path = UnfoundTownsTests.xctest; sourceTree = BUILT_PRODUCTS_DIR; };
		C4EAC7F522E3D414004A27B1 /* UnfoundTownsTests.swift */ = {isa = PBXFileReference; lastKnownFileType = sourcecode.swift; path = UnfoundTownsTests.swift; sourceTree = "<group>"; };
		C4EAC7F722E3D414004A27B1 /* Info.plist */ = {isa = PBXFileReference; lastKnownFileType = text.plist.xml; path = Info.plist; sourceTree = "<group>"; };
		C4EAC7FC22E3D414004A27B1 /* UnfoundTownsUITests.xctest */ = {isa = PBXFileReference; explicitFileType = wrapper.cfbundle; includeInIndex = 0; path = UnfoundTownsUITests.xctest; sourceTree = BUILT_PRODUCTS_DIR; };
		C4EAC80022E3D414004A27B1 /* UnfoundTownsUITests.swift */ = {isa = PBXFileReference; lastKnownFileType = sourcecode.swift; path = UnfoundTownsUITests.swift; sourceTree = "<group>"; };
		C4EAC80222E3D414004A27B1 /* Info.plist */ = {isa = PBXFileReference; lastKnownFileType = text.plist.xml; path = Info.plist; sourceTree = "<group>"; };
		C4EAC81322E423DF004A27B1 /* Player.swift */ = {isa = PBXFileReference; lastKnownFileType = sourcecode.swift; path = Player.swift; sourceTree = "<group>"; };
		C4EAC81622E4E13C004A27B1 /* UnfoundTownError.swift */ = {isa = PBXFileReference; lastKnownFileType = sourcecode.swift; path = UnfoundTownError.swift; sourceTree = "<group>"; };
		C4EAC81922E94F4D004A27B1 /* Game.swift */ = {isa = PBXFileReference; lastKnownFileType = sourcecode.swift; path = Game.swift; sourceTree = "<group>"; };
		C4F5F37424316E04009F0E59 /* UnfoundTownView.swift */ = {isa = PBXFileReference; lastKnownFileType = sourcecode.swift; path = UnfoundTownView.swift; sourceTree = "<group>"; };
/* End PBXFileReference section */

/* Begin PBXFrameworksBuildPhase section */
		C4EAC7DA22E3D412004A27B1 /* Frameworks */ = {
			isa = PBXFrameworksBuildPhase;
			buildActionMask = 2147483647;
			files = (
			);
			runOnlyForDeploymentPostprocessing = 0;
		};
		C4EAC7EE22E3D414004A27B1 /* Frameworks */ = {
			isa = PBXFrameworksBuildPhase;
			buildActionMask = 2147483647;
			files = (
			);
			runOnlyForDeploymentPostprocessing = 0;
		};
		C4EAC7F922E3D414004A27B1 /* Frameworks */ = {
			isa = PBXFrameworksBuildPhase;
			buildActionMask = 2147483647;
			files = (
			);
			runOnlyForDeploymentPostprocessing = 0;
		};
/* End PBXFrameworksBuildPhase section */

/* Begin PBXGroup section */
		C4EAC7D422E3D412004A27B1 = {
			isa = PBXGroup;
			children = (
				C4EAC7DF22E3D412004A27B1 /* UnfoundTowns */,
				C4EAC7F422E3D414004A27B1 /* UnfoundTownsTests */,
				C4EAC7FF22E3D414004A27B1 /* UnfoundTownsUITests */,
				C4EAC7DE22E3D412004A27B1 /* Products */,
			);
			sourceTree = "<group>";
		};
		C4EAC7DE22E3D412004A27B1 /* Products */ = {
			isa = PBXGroup;
			children = (
				C4EAC7DD22E3D412004A27B1 /* UnfoundTowns.app */,
				C4EAC7F122E3D414004A27B1 /* UnfoundTownsTests.xctest */,
				C4EAC7FC22E3D414004A27B1 /* UnfoundTownsUITests.xctest */,
			);
			name = Products;
			sourceTree = "<group>";
		};
		C4EAC7DF22E3D412004A27B1 /* UnfoundTowns */ = {
			isa = PBXGroup;
			children = (
				C4EAC7E022E3D412004A27B1 /* AppDelegate.swift */,
				C4EAC7E222E3D412004A27B1 /* ViewController.swift */,
				C4EAC7E722E3D413004A27B1 /* Assets.xcassets */,
				C4EAC7E922E3D413004A27B1 /* LaunchScreen.storyboard */,
				C4EAC7EC22E3D413004A27B1 /* Info.plist */,
				C4EAC81922E94F4D004A27B1 /* Game.swift */,
				C4EAC81322E423DF004A27B1 /* Player.swift */,
				C420BB2522EE055300E3646B /* Expedition.swift */,
				C4EAC81622E4E13C004A27B1 /* UnfoundTownError.swift */,
				C4F5F37424316E04009F0E59 /* UnfoundTownView.swift */,
			);
			path = UnfoundTowns;
			sourceTree = "<group>";
		};
		C4EAC7F422E3D414004A27B1 /* UnfoundTownsTests */ = {
			isa = PBXGroup;
			children = (
				C4EAC7F522E3D414004A27B1 /* UnfoundTownsTests.swift */,
				C4EAC7F722E3D414004A27B1 /* Info.plist */,
			);
			path = UnfoundTownsTests;
			sourceTree = "<group>";
		};
		C4EAC7FF22E3D414004A27B1 /* UnfoundTownsUITests */ = {
			isa = PBXGroup;
			children = (
				C4EAC80022E3D414004A27B1 /* UnfoundTownsUITests.swift */,
				C4EAC80222E3D414004A27B1 /* Info.plist */,
			);
			path = UnfoundTownsUITests;
			sourceTree = "<group>";
		};
/* End PBXGroup section */

/* Begin PBXNativeTarget section */
		C4EAC7DC22E3D412004A27B1 /* UnfoundTowns */ = {
			isa = PBXNativeTarget;
			buildConfigurationList = C4EAC80522E3D414004A27B1 /* Build configuration list for PBXNativeTarget "UnfoundTowns" */;
			buildPhases = (
				C4EAC7D922E3D412004A27B1 /* Sources */,
				C4EAC7DA22E3D412004A27B1 /* Frameworks */,
				C4EAC7DB22E3D412004A27B1 /* Resources */,
			);
			buildRules = (
			);
			dependencies = (
			);
			name = UnfoundTowns;
			productName = UnfoundTowns;
			productReference = C4EAC7DD22E3D412004A27B1 /* UnfoundTowns.app */;
			productType = "com.apple.product-type.application";
		};
		C4EAC7F022E3D414004A27B1 /* UnfoundTownsTests */ = {
			isa = PBXNativeTarget;
			buildConfigurationList = C4EAC80822E3D414004A27B1 /* Build configuration list for PBXNativeTarget "UnfoundTownsTests" */;
			buildPhases = (
				C4EAC7ED22E3D414004A27B1 /* Sources */,
				C4EAC7EE22E3D414004A27B1 /* Frameworks */,
				C4EAC7EF22E3D414004A27B1 /* Resources */,
			);
			buildRules = (
			);
			dependencies = (
				C4EAC7F322E3D414004A27B1 /* PBXTargetDependency */,
			);
			name = UnfoundTownsTests;
			productName = UnfoundTownsTests;
			productReference = C4EAC7F122E3D414004A27B1 /* UnfoundTownsTests.xctest */;
			productType = "com.apple.product-type.bundle.unit-test";
		};
		C4EAC7FB22E3D414004A27B1 /* UnfoundTownsUITests */ = {
			isa = PBXNativeTarget;
			buildConfigurationList = C4EAC80B22E3D414004A27B1 /* Build configuration list for PBXNativeTarget "UnfoundTownsUITests" */;
			buildPhases = (
				C4EAC7F822E3D414004A27B1 /* Sources */,
				C4EAC7F922E3D414004A27B1 /* Frameworks */,
				C4EAC7FA22E3D414004A27B1 /* Resources */,
			);
			buildRules = (
			);
			dependencies = (
				C4EAC7FE22E3D414004A27B1 /* PBXTargetDependency */,
			);
			name = UnfoundTownsUITests;
			productName = UnfoundTownsUITests;
			productReference = C4EAC7FC22E3D414004A27B1 /* UnfoundTownsUITests.xctest */;
			productType = "com.apple.product-type.bundle.ui-testing";
		};
/* End PBXNativeTarget section */

/* Begin PBXProject section */
		C4EAC7D522E3D412004A27B1 /* Project object */ = {
			isa = PBXProject;
			attributes = {
				LastSwiftUpdateCheck = 1010;
				LastUpgradeCheck = 1010;
				ORGANIZATIONNAME = "Zoh Weiss";
				TargetAttributes = {
					C4EAC7DC22E3D412004A27B1 = {
						CreatedOnToolsVersion = 10.1;
					};
					C4EAC7F022E3D414004A27B1 = {
						CreatedOnToolsVersion = 10.1;
						TestTargetID = C4EAC7DC22E3D412004A27B1;
					};
					C4EAC7FB22E3D414004A27B1 = {
						CreatedOnToolsVersion = 10.1;
						TestTargetID = C4EAC7DC22E3D412004A27B1;
					};
				};
			};
			buildConfigurationList = C4EAC7D822E3D412004A27B1 /* Build configuration list for PBXProject "UnfoundTowns" */;
			compatibilityVersion = "Xcode 9.3";
			developmentRegion = en;
			hasScannedForEncodings = 0;
			knownRegions = (
				en,
				Base,
			);
			mainGroup = C4EAC7D422E3D412004A27B1;
			productRefGroup = C4EAC7DE22E3D412004A27B1 /* Products */;
			projectDirPath = "";
			projectRoot = "";
			targets = (
				C4EAC7DC22E3D412004A27B1 /* UnfoundTowns */,
				C4EAC7F022E3D414004A27B1 /* UnfoundTownsTests */,
				C4EAC7FB22E3D414004A27B1 /* UnfoundTownsUITests */,
			);
		};
/* End PBXProject section */

/* Begin PBXResourcesBuildPhase section */
		C4EAC7DB22E3D412004A27B1 /* Resources */ = {
			isa = PBXResourcesBuildPhase;
			buildActionMask = 2147483647;
			files = (
				C4EAC7EB22E3D413004A27B1 /* LaunchScreen.storyboard in Resources */,
				C4EAC7E822E3D413004A27B1 /* Assets.xcassets in Resources */,
			);
			runOnlyForDeploymentPostprocessing = 0;
		};
		C4EAC7EF22E3D414004A27B1 /* Resources */ = {
			isa = PBXResourcesBuildPhase;
			buildActionMask = 2147483647;
			files = (
			);
			runOnlyForDeploymentPostprocessing = 0;
		};
		C4EAC7FA22E3D414004A27B1 /* Resources */ = {
			isa = PBXResourcesBuildPhase;
			buildActionMask = 2147483647;
			files = (
			);
			runOnlyForDeploymentPostprocessing = 0;
		};
/* End PBXResourcesBuildPhase section */

/* Begin PBXSourcesBuildPhase section */
		C4EAC7D922E3D412004A27B1 /* Sources */ = {
			isa = PBXSourcesBuildPhase;
			buildActionMask = 2147483647;
			files = (
				C4EAC81422E423DF004A27B1 /* Player.swift in Sources */,
				C4EAC81A22E94F4D004A27B1 /* Game.swift in Sources */,
				C4F5F37524316E04009F0E59 /* UnfoundTownView.swift in Sources */,
				C420BB2622EE055300E3646B /* Expedition.swift in Sources */,
				C4EAC7E322E3D412004A27B1 /* ViewController.swift in Sources */,
				C4EAC7E122E3D412004A27B1 /* AppDelegate.swift in Sources */,
				C4EAC81722E4E13C004A27B1 /* UnfoundTownError.swift in Sources */,
			);
			runOnlyForDeploymentPostprocessing = 0;
		};
		C4EAC7ED22E3D414004A27B1 /* Sources */ = {
			isa = PBXSourcesBuildPhase;
			buildActionMask = 2147483647;
			files = (
				C420BB2722EEA01400E3646B /* Expedition.swift in Sources */,
				C420BB2822F273B100E3646B /* Game.swift in Sources */,
				C4EAC81822E4E16A004A27B1 /* UnfoundTownError.swift in Sources */,
				C4EAC81522E4C801004A27B1 /* Player.swift in Sources */,
				C4EAC7F622E3D414004A27B1 /* UnfoundTownsTests.swift in Sources */,
			);
			runOnlyForDeploymentPostprocessing = 0;
		};
		C4EAC7F822E3D414004A27B1 /* Sources */ = {
			isa = PBXSourcesBuildPhase;
			buildActionMask = 2147483647;
			files = (
				C4EAC80122E3D414004A27B1 /* UnfoundTownsUITests.swift in Sources */,
			);
			runOnlyForDeploymentPostprocessing = 0;
		};
/* End PBXSourcesBuildPhase section */

/* Begin PBXTargetDependency section */
		C4EAC7F322E3D414004A27B1 /* PBXTargetDependency */ = {
			isa = PBXTargetDependency;
			target = C4EAC7DC22E3D412004A27B1 /* UnfoundTowns */;
			targetProxy = C4EAC7F222E3D414004A27B1 /* PBXContainerItemProxy */;
		};
		C4EAC7FE22E3D414004A27B1 /* PBXTargetDependency */ = {
			isa = PBXTargetDependency;
			target = C4EAC7DC22E3D412004A27B1 /* UnfoundTowns */;
			targetProxy = C4EAC7FD22E3D414004A27B1 /* PBXContainerItemProxy */;
		};
/* End PBXTargetDependency section */

/* Begin PBXVariantGroup section */
		C4EAC7E922E3D413004A27B1 /* LaunchScreen.storyboard */ = {
			isa = PBXVariantGroup;
			children = (
				C4EAC7EA22E3D413004A27B1 /* Base */,
			);
			name = LaunchScreen.storyboard;
			sourceTree = "<group>";
		};
/* End PBXVariantGroup section */

/* Begin XCBuildConfiguration section */
		C4EAC80322E3D414004A27B1 /* Debug */ = {
			isa = XCBuildConfiguration;
			buildSettings = {
				ALWAYS_SEARCH_USER_PATHS = NO;
				CLANG_ANALYZER_NONNULL = YES;
				CLANG_ANALYZER_NUMBER_OBJECT_CONVERSION = YES_AGGRESSIVE;
				CLANG_CXX_LANGUAGE_STANDARD = "gnu++14";
				CLANG_CXX_LIBRARY = "libc++";
				CLANG_ENABLE_MODULES = YES;
				CLANG_ENABLE_OBJC_ARC = YES;
				CLANG_ENABLE_OBJC_WEAK = YES;
				CLANG_WARN_BLOCK_CAPTURE_AUTORELEASING = YES;
				CLANG_WARN_BOOL_CONVERSION = YES;
				CLANG_WARN_COMMA = YES;
				CLANG_WARN_CONSTANT_CONVERSION = YES;
				CLANG_WARN_DEPRECATED_OBJC_IMPLEMENTATIONS = YES;
				CLANG_WARN_DIRECT_OBJC_ISA_USAGE = YES_ERROR;
				CLANG_WARN_DOCUMENTATION_COMMENTS = YES;
				CLANG_WARN_EMPTY_BODY = YES;
				CLANG_WARN_ENUM_CONVERSION = YES;
				CLANG_WARN_INFINITE_RECURSION = YES;
				CLANG_WARN_INT_CONVERSION = YES;
				CLANG_WARN_NON_LITERAL_NULL_CONVERSION = YES;
				CLANG_WARN_OBJC_IMPLICIT_RETAIN_SELF = YES;
				CLANG_WARN_OBJC_LITERAL_CONVERSION = YES;
				CLANG_WARN_OBJC_ROOT_CLASS = YES_ERROR;
				CLANG_WARN_RANGE_LOOP_ANALYSIS = YES;
				CLANG_WARN_STRICT_PROTOTYPES = YES;
				CLANG_WARN_SUSPICIOUS_MOVE = YES;
				CLANG_WARN_UNGUARDED_AVAILABILITY = YES_AGGRESSIVE;
				CLANG_WARN_UNREACHABLE_CODE = YES;
				CLANG_WARN__DUPLICATE_METHOD_MATCH = YES;
				CODE_SIGN_IDENTITY = "iPhone Developer";
				COPY_PHASE_STRIP = NO;
				DEBUG_INFORMATION_FORMAT = dwarf;
				ENABLE_STRICT_OBJC_MSGSEND = YES;
				ENABLE_TESTABILITY = YES;
				GCC_C_LANGUAGE_STANDARD = gnu11;
				GCC_DYNAMIC_NO_PIC = NO;
				GCC_NO_COMMON_BLOCKS = YES;
				GCC_OPTIMIZATION_LEVEL = 0;
				GCC_PREPROCESSOR_DEFINITIONS = (
					"DEBUG=1",
					"$(inherited)",
				);
				GCC_WARN_64_TO_32_BIT_CONVERSION = YES;
				GCC_WARN_ABOUT_RETURN_TYPE = YES_ERROR;
				GCC_WARN_UNDECLARED_SELECTOR = YES;
				GCC_WARN_UNINITIALIZED_AUTOS = YES_AGGRESSIVE;
				GCC_WARN_UNUSED_FUNCTION = YES;
				GCC_WARN_UNUSED_VARIABLE = YES;
				IPHONEOS_DEPLOYMENT_TARGET = 13.0;
				MTL_ENABLE_DEBUG_INFO = INCLUDE_SOURCE;
				MTL_FAST_MATH = YES;
				ONLY_ACTIVE_ARCH = YES;
				SDKROOT = iphoneos;
				SWIFT_ACTIVE_COMPILATION_CONDITIONS = DEBUG;
				SWIFT_OPTIMIZATION_LEVEL = "-Onone";
			};
			name = Debug;
		};
		C4EAC80422E3D414004A27B1 /* Release */ = {
			isa = XCBuildConfiguration;
			buildSettings = {
				ALWAYS_SEARCH_USER_PATHS = NO;
				CLANG_ANALYZER_NONNULL = YES;
				CLANG_ANALYZER_NUMBER_OBJECT_CONVERSION = YES_AGGRESSIVE;
				CLANG_CXX_LANGUAGE_STANDARD = "gnu++14";
				CLANG_CXX_LIBRARY = "libc++";
				CLANG_ENABLE_MODULES = YES;
				CLANG_ENABLE_OBJC_ARC = YES;
				CLANG_ENABLE_OBJC_WEAK = YES;
				CLANG_WARN_BLOCK_CAPTURE_AUTORELEASING = YES;
				CLANG_WARN_BOOL_CONVERSION = YES;
				CLANG_WARN_COMMA = YES;
				CLANG_WARN_CONSTANT_CONVERSION = YES;
				CLANG_WARN_DEPRECATED_OBJC_IMPLEMENTATIONS = YES;
				CLANG_WARN_DIRECT_OBJC_ISA_USAGE = YES_ERROR;
				CLANG_WARN_DOCUMENTATION_COMMENTS = YES;
				CLANG_WARN_EMPTY_BODY = YES;
				CLANG_WARN_ENUM_CONVERSION = YES;
				CLANG_WARN_INFINITE_RECURSION = YES;
				CLANG_WARN_INT_CONVERSION = YES;
				CLANG_WARN_NON_LITERAL_NULL_CONVERSION = YES;
				CLANG_WARN_OBJC_IMPLICIT_RETAIN_SELF = YES;
				CLANG_WARN_OBJC_LITERAL_CONVERSION = YES;
				CLANG_WARN_OBJC_ROOT_CLASS = YES_ERROR;
				CLANG_WARN_RANGE_LOOP_ANALYSIS = YES;
				CLANG_WARN_STRICT_PROTOTYPES = YES;
				CLANG_WARN_SUSPICIOUS_MOVE = YES;
				CLANG_WARN_UNGUARDED_AVAILABILITY = YES_AGGRESSIVE;
				CLANG_WARN_UNREACHABLE_CODE = YES;
				CLANG_WARN__DUPLICATE_METHOD_MATCH = YES;
				CODE_SIGN_IDENTITY = "iPhone Developer";
				COPY_PHASE_STRIP = NO;
				DEBUG_INFORMATION_FORMAT = "dwarf-with-dsym";
				ENABLE_NS_ASSERTIONS = NO;
				ENABLE_STRICT_OBJC_MSGSEND = YES;
				GCC_C_LANGUAGE_STANDARD = gnu11;
				GCC_NO_COMMON_BLOCKS = YES;
				GCC_WARN_64_TO_32_BIT_CONVERSION = YES;
				GCC_WARN_ABOUT_RETURN_TYPE = YES_ERROR;
				GCC_WARN_UNDECLARED_SELECTOR = YES;
				GCC_WARN_UNINITIALIZED_AUTOS = YES_AGGRESSIVE;
				GCC_WARN_UNUSED_FUNCTION = YES;
				GCC_WARN_UNUSED_VARIABLE = YES;
				IPHONEOS_DEPLOYMENT_TARGET = 13.0;
				MTL_ENABLE_DEBUG_INFO = NO;
				MTL_FAST_MATH = YES;
				SDKROOT = iphoneos;
				SWIFT_COMPILATION_MODE = wholemodule;
				SWIFT_OPTIMIZATION_LEVEL = "-O";
				VALIDATE_PRODUCT = YES;
			};
			name = Release;
		};
		C4EAC80622E3D414004A27B1 /* Debug */ = {
			isa = XCBuildConfiguration;
			buildSettings = {
				ASSETCATALOG_COMPILER_APPICON_NAME = AppIcon;
				CODE_SIGN_STYLE = Automatic;
				INFOPLIST_FILE = UnfoundTowns/Info.plist;
				IPHONEOS_DEPLOYMENT_TARGET = 13.0;
				LD_RUNPATH_SEARCH_PATHS = (
					"$(inherited)",
					"@executable_path/Frameworks",
				);
				PRODUCT_BUNDLE_IDENTIFIER = com.zoh.UnfoundTowns;
				PRODUCT_NAME = "$(TARGET_NAME)";
				SWIFT_VERSION = 5.0;
				TARGETED_DEVICE_FAMILY = "1,2";
			};
			name = Debug;
		};
		C4EAC80722E3D414004A27B1 /* Release */ = {
			isa = XCBuildConfiguration;
			buildSettings = {
				ASSETCATALOG_COMPILER_APPICON_NAME = AppIcon;
				CODE_SIGN_STYLE = Automatic;
				INFOPLIST_FILE = UnfoundTowns/Info.plist;
				IPHONEOS_DEPLOYMENT_TARGET = 13.0;
				LD_RUNPATH_SEARCH_PATHS = (
					"$(inherited)",
					"@executable_path/Frameworks",
				);
				PRODUCT_BUNDLE_IDENTIFIER = com.zoh.UnfoundTowns;
				PRODUCT_NAME = "$(TARGET_NAME)";
				SWIFT_VERSION = 5.0;
				TARGETED_DEVICE_FAMILY = "1,2";
			};
			name = Release;
		};
		C4EAC80922E3D414004A27B1 /* Debug */ = {
			isa = XCBuildConfiguration;
			buildSettings = {
				ALWAYS_EMBED_SWIFT_STANDARD_LIBRARIES = YES;
				BUNDLE_LOADER = "$(TEST_HOST)";
				CODE_SIGN_STYLE = Automatic;
				INFOPLIST_FILE = UnfoundTownsTests/Info.plist;
				LD_RUNPATH_SEARCH_PATHS = (
					"$(inherited)",
					"@executable_path/Frameworks",
					"@loader_path/Frameworks",
				);
				PRODUCT_BUNDLE_IDENTIFIER = com.zoh.UnfoundTownsTests;
				PRODUCT_NAME = "$(TARGET_NAME)";
				SWIFT_VERSION = 4.2;
				TARGETED_DEVICE_FAMILY = "1,2";
				TEST_HOST = "$(BUILT_PRODUCTS_DIR)/UnfoundTowns.app/UnfoundTowns";
			};
			name = Debug;
		};
		C4EAC80A22E3D414004A27B1 /* Release */ = {
			isa = XCBuildConfiguration;
			buildSettings = {
				ALWAYS_EMBED_SWIFT_STANDARD_LIBRARIES = YES;
				BUNDLE_LOADER = "$(TEST_HOST)";
				CODE_SIGN_STYLE = Automatic;
				INFOPLIST_FILE = UnfoundTownsTests/Info.plist;
				LD_RUNPATH_SEARCH_PATHS = (
					"$(inherited)",
					"@executable_path/Frameworks",
					"@loader_path/Frameworks",
				);
				PRODUCT_BUNDLE_IDENTIFIER = com.zoh.UnfoundTownsTests;
				PRODUCT_NAME = "$(TARGET_NAME)";
				SWIFT_VERSION = 4.2;
				TARGETED_DEVICE_FAMILY = "1,2";
				TEST_HOST = "$(BUILT_PRODUCTS_DIR)/UnfoundTowns.app/UnfoundTowns";
			};
			name = Release;
		};
		C4EAC80C22E3D414004A27B1 /* Debug */ = {
			isa = XCBuildConfiguration;
			buildSettings = {
				ALWAYS_EMBED_SWIFT_STANDARD_LIBRARIES = YES;
				CODE_SIGN_STYLE = Automatic;
				INFOPLIST_FILE = UnfoundTownsUITests/Info.plist;
				LD_RUNPATH_SEARCH_PATHS = (
					"$(inherited)",
					"@executable_path/Frameworks",
					"@loader_path/Frameworks",
				);
				PRODUCT_BUNDLE_IDENTIFIER = com.zoh.UnfoundTownsUITests;
				PRODUCT_NAME = "$(TARGET_NAME)";
				SWIFT_VERSION = 4.2;
				TARGETED_DEVICE_FAMILY = "1,2";
				TEST_TARGET_NAME = UnfoundTowns;
			};
			name = Debug;
		};
		C4EAC80D22E3D414004A27B1 /* Release */ = {
			isa = XCBuildConfiguration;
			buildSettings = {
				ALWAYS_EMBED_SWIFT_STANDARD_LIBRARIES = YES;
				CODE_SIGN_STYLE = Automatic;
				INFOPLIST_FILE = UnfoundTownsUITests/Info.plist;
				LD_RUNPATH_SEARCH_PATHS = (
					"$(inherited)",
					"@executable_path/Frameworks",
					"@loader_path/Frameworks",
				);
				PRODUCT_BUNDLE_IDENTIFIER = com.zoh.UnfoundTownsUITests;
				PRODUCT_NAME = "$(TARGET_NAME)";
				SWIFT_VERSION = 4.2;
				TARGETED_DEVICE_FAMILY = "1,2";
				TEST_TARGET_NAME = UnfoundTowns;
			};
			name = Release;
		};
/* End XCBuildConfiguration section */

/* Begin XCConfigurationList section */
		C4EAC7D822E3D412004A27B1 /* Build configuration list for PBXProject "UnfoundTowns" */ = {
			isa = XCConfigurationList;
			buildConfigurations = (
				C4EAC80322E3D414004A27B1 /* Debug */,
				C4EAC80422E3D414004A27B1 /* Release */,
			);
			defaultConfigurationIsVisible = 0;
			defaultConfigurationName = Release;
		};
		C4EAC80522E3D414004A27B1 /* Build configuration list for PBXNativeTarget "UnfoundTowns" */ = {
			isa = XCConfigurationList;
			buildConfigurations = (
				C4EAC80622E3D414004A27B1 /* Debug */,
				C4EAC80722E3D414004A27B1 /* Release */,
			);
			defaultConfigurationIsVisible = 0;
			defaultConfigurationName = Release;
		};
		C4EAC80822E3D414004A27B1 /* Build configuration list for PBXNativeTarget "UnfoundTownsTests" */ = {
			isa = XCConfigurationList;
			buildConfigurations = (
				C4EAC80922E3D414004A27B1 /* Debug */,
				C4EAC80A22E3D414004A27B1 /* Release */,
			);
			defaultConfigurationIsVisible = 0;
			defaultConfigurationName = Release;
		};
		C4EAC80B22E3D414004A27B1 /* Build configuration list for PBXNativeTarget "UnfoundTownsUITests" */ = {
			isa = XCConfigurationList;
			buildConfigurations = (
				C4EAC80C22E3D414004A27B1 /* Debug */,
				C4EAC80D22E3D414004A27B1 /* Release */,
			);
			defaultConfigurationIsVisible = 0;
			defaultConfigurationName = Release;
		};
/* End XCConfigurationList section */
	};
	rootObject = C4EAC7D522E3D412004A27B1 /* Project object */;
}
